
Microsoft Visual Studio Solution File, Format Version 12.00
# Visual Studio Version 16
VisualStudioVersion = 16.0.31613.86
MinimumVisualStudioVersion = 10.0.40219.1
Project("{FAE04EC0-301F-11D3-BF4B-00C04F79EFBC}") = "Producer", "Producer\Producer.csproj", "{F9CE6263-41D5-47DA-90AE-B7C5E502D659}"
EndProject
Project("{FAE04EC0-301F-11D3-BF4B-00C04F79EFBC}") = "Consumer", "Consumer\Consumer.csproj", "{D874C587-0B3B-4E52-BEED-65474FFC6A5D}"
EndProject
Global
	GlobalSection(SolutionConfigurationPlatforms) = preSolution
		Debug|Any CPU = Debug|Any CPU
		Release|Any CPU = Release|Any CPU
	EndGlobalSection
	GlobalSection(ProjectConfigurationPlatforms) = postSolution
		{F9CE6263-41D5-47DA-90AE-B7C5E502D659}.Debug|Any CPU.ActiveCfg = Debug|Any CPU
		{F9CE6263-41D5-47DA-90AE-B7C5E502D659}.Debug|Any CPU.Build.0 = Debug|Any CPU
		{F9CE6263-41D5-47DA-90AE-B7C5E502D659}.Release|Any CPU.ActiveCfg = Release|Any CPU
		{F9CE6263-41D5-47DA-90AE-B7C5E502D659}.Release|Any CPU.Build.0 = Release|Any CPU
		{D874C587-0B3B-4E52-BEED-65474FFC6A5D}.Debug|Any CPU.ActiveCfg = Debug|Any CPU
		{D874C587-0B3B-4E52-BEED-65474FFC6A5D}.Debug|Any CPU.Build.0 = Debug|Any CPU
		{D874C587-0B3B-4E52-BEED-65474FFC6A5D}.Release|Any CPU.ActiveCfg = Release|Any CPU
		{D874C587-0B3B-4E52-BEED-65474FFC6A5D}.Release|Any CPU.Build.0 = Release|Any CPU
	EndGlobalSection
	GlobalSection(SolutionProperties) = preSolution
		HideSolutionNode = FALSE
	EndGlobalSection
	GlobalSection(ExtensibilityGlobals) = postSolution
		SolutionGuid = {A92D5675-8549-491A-AAFF-54AC665C270B}
	EndGlobalSection
EndGlobal
